NeoBundleLock L9 c822b05ee0886f9a9703227dc85a6d47612c4bf1
NeoBundleLock MarkDown.pl ce3ec95380c72b224b6f68e3279f3455b79e921c
NeoBundleLock MatchTag 6dfdab1530d47b77a1839b9477f27c33a2f10b26
NeoBundleLock TaskList.vim 8e2dfdcc6e13d8afab5b3f620ee06ebb29b786f9
NeoBundleLock VJDE c093b105280e48122e66ddf5054034179376bc82
NeoBundleLock YouCompleteMe f20c69321d5152662f86f8903af258e22a64823d
NeoBundleLock ack.vim 0a7d28bfb130696f73d122cac99d8903e066c896
NeoBundleLock ag.vim c478f7973074f15bbf82c298a1678b4e23f1767a
NeoBundleLock calendar.vim 9aa130feab18fd142265487ce86f664746a080e0
NeoBundleLock ctrlp-cmatcher 6c36334f106b6fd981d23e724e9a618734cab43a
NeoBundleLock ctrlp-cmdpalette 7c78e2fe20ab2c09b3b80b6c45edada825a118ab
NeoBundleLock ctrlp-extensions.vim 06f2cced5ab4846384fd67db613c9c844fcf4a5e
NeoBundleLock ctrlp-funky 60efe337fd62c89cb65967c39a2a5d10361d06cb
NeoBundleLock ctrlp-google ab47235e518fce7ad67b849823ea316f8aba2c41
NeoBundleLock ctrlp-gtags 0dc966c8cf3a1b5fe77aaa285d38c1ac603b48f1
NeoBundleLock ctrlp-history 647b02cdf7c3f171ec6170722ec04f1924297c7e
NeoBundleLock ctrlp-launcher 858cae93e1503d97ab4999857b9b1eb29ec17b28
NeoBundleLock ctrlp-nerdtree.vim 98f77e3016b741744d993041c46d23ae1a39c046
NeoBundleLock ctrlp-objects.vim 9ffe3aa3b72a60742189baab8067b82866e2f31a
NeoBundleLock ctrlp-project 719efdbaef31377797d7bbe612e31f1ce71b986f
NeoBundleLock ctrlp-py-matcher 9e84cf8072866b92faf5082cb93a554b75e35fd0
NeoBundleLock ctrlp-sessions 08818126dfc9d687a7a266a6e60555bb8b081fb5
NeoBundleLock ctrlp-unity3d-docs b2e96804a6b31d54362eba80bbd38269d6e74aa4
NeoBundleLock ctrlp-windowselector caf40d07c1f55ec8e2dc988a308c6d722cc2d536
NeoBundleLock ctrlp.vim 46168ace5b57124190ef95390b9c38c441c0c9ee
NeoBundleLock ctrlsf.vim 9f741c8a2fd4a29e30e8b68b77caa6f93a502322
NeoBundleLock emmet-vim 4110fb0f7b13f20e1136da18e12597a4c978cc3a
NeoBundleLock fcitx.vim cf7e2ab555d8e3abbf0db1ab0e8a47874842d6c9
NeoBundleLock goyo.vim 635109f51413392cb1321399529298737c5bed78
NeoBundleLock gruvbox 3dba3e946605e953195178826cda01fb1c3ce0f5
NeoBundleLock gundo.vim 3975ac871565115e3769dc69c06bc88ddc1369af
NeoBundleLock html5.vim ad38231df6845562f569512fd250c5660aadeb64
NeoBundleLock indentLine 300c719b3e0348a65457109386ded3f32f7cd319
NeoBundleLock java_getset.vim ac707d17752706e7a89d2687b89348b6f0666555
NeoBundleLock javascript-libraries-syntax.vim e2bb72f7f7bd7c4ecf6867ef28ec5c3c3f938298
NeoBundleLock k.vim 74536973bc25f002addb3c4d81ebf92311519b48
NeoBundleLock matchit.zip 4a13612adc5128f9b86b20397d712fdd9700b6a7
NeoBundleLock maven-compiler.vim b8e95258792b4eaab6a2d10f5c533a3bbedcbd9e
NeoBundleLock molokai db8ce13b3737d3ddea8368498183d7c204a762eb
NeoBundleLock mustache.vim 0c3900b42a81ec79885cf984ad33b2280697c7c9
NeoBundleLock neobundle-vim-recipes 1c3f0786c9562269361b5b92edbb7130fcd7b929
NeoBundleLock neobundle.vim 24b7f21979d304eb8c15c301893f6ac98c425cd1
NeoBundleLock neomru.vim 8aa00e181bb764956a40764ae325a485a93f513a
NeoBundleLock nerdcommenter 5cc672a4f2adb734ac671499476034f0cd1d3d72
NeoBundleLock nerdtree 0b44415a3302030b56755cc1135ca9ca57dc1ada
NeoBundleLock nerdtree-ack e23c46c32ae4cc2551a90fbc7e0a6188e3896abd
NeoBundleLock nerdtree-git-plugin 96da7f30b6497534f641f2bd62931b2cff7c529d
NeoBundleLock open-browser.vim e17535850b8096b79907df9059fb43c51448f038
NeoBundleLock rainbow_parentheses.vim eb8baa5428bde10ecc1cb14eed1d6e16f5f24695
NeoBundleLock scss-syntax.vim 35f47ff7473939fdfcf7ba9ce36f0d8fb4bd4142
NeoBundleLock supertab 9f7da6d4988daf863ebc414f221bb12c2614f59e
NeoBundleLock syntastic 11ca31582ccffdd533f14f4320f0389df0e27e15
NeoBundleLock tabular 60f25648814f0695eeb6c1040d97adca93c4e0bb
NeoBundleLock tagbar 7b36c46d17d57db34fdb0adac9ba6382d0bb5e66
NeoBundleLock taglist.vim 53041fbc45398a9af631a20657e109707a455339
NeoBundleLock tlib_vim 226b4c81dd2345556b856db2c777d468a81aace8
NeoBundleLock typescript-vim a9c533386776d831f8098e66f2d0b43dfd42b06b
NeoBundleLock ultisnips 1ce44ac9c8731645070aea5e7c41521b3d95e1b3
NeoBundleLock unite-adb cec362f1980d0ba7e28d50a1c7828e9b43998be6
NeoBundleLock unite-airline_themes cc475199799a64ca7eef984ee16f35f22a458dc1
NeoBundleLock unite-alias 7bce112baa8bac58d4f51215af6e8b90ca414b4f
NeoBundleLock unite-colorscheme 3aa33866a183f7659594a3f6b66b2334eaebc6a0
NeoBundleLock unite-ctags 4814d3929837f007506e907c51075ebee842a562
NeoBundleLock unite-dwm 45996d3f488167cdc9ffb339950b711a2559c3b5
NeoBundleLock unite-equery e9dc24294478849e990b8da9541edf046dfd1047
NeoBundleLock unite-everything b7f1a51e6adf9a61436e9fccee117fed40961b0a
NeoBundleLock unite-file-vcs e3361c2e8878c6fa965e0789bedddb689a4404f1
NeoBundleLock unite-filetype ab9721b9c3c9e837623fba1aee4dd80ea377856b
NeoBundleLock unite-font a7310afb56fc56627d4e207eea920f6e865d356a
NeoBundleLock unite-gem 9cd5b70ab6adc7252f8ed7409130556fa3bd1629
NeoBundleLock unite-gist 93dc28201a1fe8680ab1493c7d58240ed0bab9c9
NeoBundleLock unite-grails af19b0ac92b87618c4f9c0e33db685e49a1ceb4c
NeoBundleLock unite-gtags f2de553ae612a751214720609a1d8aee167e4c69
NeoBundleLock unite-haskellimport b5ce0cd12d3ebf6433c1834fd806f942d4e8d26e
NeoBundleLock unite-help f61cbf4015c143ebe6ca6cb589b088665a8325cd
NeoBundleLock unite-launch c4d16f87f2eea26b0fab6b744601d90f4ea89dcf
NeoBundleLock unite-locate 2f656108991573c77847f64047d742344c961ff8
NeoBundleLock unite-mark c6353b0b0a3ecb2dd316b57a351cd71eb580bf57
NeoBundleLock unite-outline eed59c431309d2eca5f33dd89e4d241288b4fc81
NeoBundleLock unite-projects b56523138265ae4d942b2a59b6211d85f0a25c05
NeoBundleLock unite-qf 30c236a06ee58f21a43c11bb5720253d0689e295
NeoBundleLock unite-qflist 1aaf2a315041ec05fa4b59e38bd315e2fadb77ec
NeoBundleLock unite-quickfix f9b8d5f95ff2536abca1e81bd67dc740e5ee24a6
NeoBundleLock unite-radio.vim 429482ba73f66d7fc7e30074dca9bba7abc78bb4
NeoBundleLock unite-rails 1509884b919f0669e07cd73eb86118dd916c3af7
NeoBundleLock unite-remotefile bee3b18a712168d23784d44c14f984abb7fe5d15
NeoBundleLock unite-session 2c7d226667c67ee996a04917316aa91d8f312d8c
NeoBundleLock unite-sf2 ca611f0ec5d5e9496b11ddf7c0b597c98102aba7
NeoBundleLock unite-tag 6b2de80e0a1f4e4c5701fdbbc9b868e62062adc8
NeoBundleLock unite-vim_advent-calendar b03ca9332419d870ab91d7bb28844cbbd9e5e1a6
NeoBundleLock unite-vim_hacks ab622c789268c3debbda2ad1ad59a6af9cc976db
NeoBundleLock unite-zf 941d5e8b8cf0327d54b02238a5e63dd3c5e608cf
NeoBundleLock unite.vim be0aeaa200a5fcd4eba160aaef56c28123e8700c
NeoBundleLock vim-addon-mw-utils 0c5612fa31ee434ba055e21c76f456244b3b5109
NeoBundleLock vim-airline 14d14cf951c08fc88ca6c3e6f28fe47b99421e23
NeoBundleLock vim-automkdir 7c10237fa13977b0c91088ded494b4840d68d305
NeoBundleLock vim-coffee-script 32fe889b8cafd3a4921ef8e6485156453ff58c42
NeoBundleLock vim-css-color 7ad79c7b77bd83296d7a10e596860d9269070207
NeoBundleLock vim-css3-syntax 9e0ef247ced9c0a0177e20d37c944d65b5977f38
NeoBundleLock vim-ctrlp-buftab 34f4f48360f66dfaab6945b39b39f833af74eeaa
NeoBundleLock vim-easymotion 0806257ca6432ac7beb75c4319dadf7f3ba9907b
NeoBundleLock vim-fugitive dba8a0705d95cda76d599bb7d09964d67741a5c5
NeoBundleLock vim-gitgutter b18e23cdfa082dee7da8a2466db5a66907491e5b
NeoBundleLock vim-jade fb47bb8303e81fc17b4340ccd01a462332f7d90a
NeoBundleLock vim-java 5d2879e1817edde374e1566bc6f1925763063031
NeoBundleLock vim-javacomplete2 9995e021f46e3b463056f976eca5aeb8e6846eb7
NeoBundleLock vim-javascript 1d8c2677d26d6b3950b90dc1636e63334c8efc3b
NeoBundleLock vim-jsbeautify ef17fd5e74c42d19bb47f8d132c04160593b25ad
NeoBundleLock vim-json 3029554ee1619f478fc5222bf4c6c08909b1be9c
NeoBundleLock vim-less 6fae407f7ed666a6dd0fb596e67df8787dccca59
NeoBundleLock vim-multiple-cursors 10df4ee5aa042376db7bed2fd7cef8373bb78294
NeoBundleLock vim-node.js f25152daaf640a60221c918713ae29e870b28581
NeoBundleLock vim-openbuf 781bd6f9d21d08a5b59f383bc60be752c9e2e878
NeoBundleLock vim-projectionist 372d529d22ac6d2952472438157ee03b7a3fd8ae
NeoBundleLock vim-ref 007b0ac409100cf2b83eb7dace5c8235e3737fef
NeoBundleLock vim-rooter a0d39b8da5e5835746ad00936e4bcb3a11dfaf42
NeoBundleLock vim-scriptease 3fa4aabaecc00a3ccec376d8e6e1af19465eefe2
NeoBundleLock vim-snippets 15387bd29f4bebbb133356b127e551694325e36c
NeoBundleLock vim-stylus 0514757a4795843978517ee73d7fa7d8bf2e5545
NeoBundleLock vim-surround 2d05440ad23f97a7874ebd9b5de3a0e65d25d85c
NeoBundleLock vim-trailing-whitespace 478b217d299b6f5938b43a4929d6bb0907cc3a56
NeoBundleLock vim-unite-ack 39827b7b37e7a6f4ff12b6bdf75d6ef0a8284437
NeoBundleLock vim-unite-cake 8d2e3c2bb6585712babfaad4d12bd4684be8beb7
NeoBundleLock vim-unite-giti 2fbafb85baf89be252bcd1cf0aed8cf2226af2a9
NeoBundleLock vim-unite-history 73c766a4dcaa52a1c0306aad81403dc4457c1776
NeoBundleLock vim-unite-id 2638689485ed6f568d876d4ca6b58bea0e9fb6b6
NeoBundleLock vim-unite-svn 31bdee31ff90ce28712edae532250f5843bd27af
NeoBundleLock vim-vimlint eeeb1739ded6e7ff9108c21fb47966a2320eaea0
NeoBundleLock vim-vimlparser 26787cc241f93b2be59f9707597350a57d175156
NeoBundleLock vim-youdao-translater 50ae738c11847d95bb5c8ab90d28a7a45a3a0046
NeoBundleLock vimcdoc 49577d0e4e9182078abadd2e6e2c44f1adb52afe
NeoBundleLock vimfiler.vim 259d52c6f6ffc267c63eb95fe5fd026d29ddbe71
NeoBundleLock vimproc.vim c40f7e77e6ff0586ff6951e7cf479b3dc81bb69d
NeoBundleLock webapi-vim dfc60635e610f9200646a84d11887af9e3d50b10
NeoBundleLock wildfire.vim e2baded7162260e05d2527f5bca9fca81f0bc8f2
NeoBundleLock wwwrenderer-vim 64b86bf8ce572767e266be981ef9cdba63c5426d
